
Microsoft Visual Studio Solution File, Format Version 12.00
# Visual Studio 2013
VisualStudioVersion = 12.0.40629.0
MinimumVisualStudioVersion = 10.0.40219.1
Project("{FAE04EC0-301F-11D3-BF4B-00C04F79EFBC}") = "ProjetoTestePerson.Domain", "ProjetoTestePerson.Domain\ProjetoTestePerson.Domain.csproj", "{20B67921-54A1-411A-B189-517D431B1D6F}"
EndProject
Project("{FAE04EC0-301F-11D3-BF4B-00C04F79EFBC}") = "ProjetoTestePerson.Data", "ProjetoTestePerson.Data\ProjetoTestePerson.Data.csproj", "{ED4496BC-2FD8-4959-8EDB-0954857BB6D6}"
EndProject
Project("{FAE04EC0-301F-11D3-BF4B-00C04F79EFBC}") = "ProjetoTestePerson.Business", "ProjetoTestePerson.Business\ProjetoTestePerson.Business.csproj", "{08096832-AC03-4373-8676-89757E6988F4}"
EndProject
Project("{FAE04EC0-301F-11D3-BF4B-00C04F79EFBC}") = "ProjetoTestePerson.WebForms", "ProjetoTestePerson.WebForms\ProjetoTestePerson.WebForms.csproj", "{009E4C2D-B09C-4166-8673-7D807E5A1BB2}"
EndProject
Global
	GlobalSection(SolutionConfigurationPlatforms) = preSolution
		Debug|Any CPU = Debug|Any CPU
		Release|Any CPU = Release|Any CPU
	EndGlobalSection
	GlobalSection(ProjectConfigurationPlatforms) = postSolution
		{20B67921-54A1-411A-B189-517D431B1D6F}.Debug|Any CPU.ActiveCfg = Debug|Any CPU
		{20B67921-54A1-411A-B189-517D431B1D6F}.Debug|Any CPU.Build.0 = Debug|Any CPU
		{20B67921-54A1-411A-B189-517D431B1D6F}.Release|Any CPU.ActiveCfg = Release|Any CPU
		{20B67921-54A1-411A-B189-517D431B1D6F}.Release|Any CPU.Build.0 = Release|Any CPU
		{ED4496BC-2FD8-4959-8EDB-0954857BB6D6}.Debug|Any CPU.ActiveCfg = Debug|Any CPU
		{ED4496BC-2FD8-4959-8EDB-0954857BB6D6}.Debug|Any CPU.Build.0 = Debug|Any CPU
		{ED4496BC-2FD8-4959-8EDB-0954857BB6D6}.Release|Any CPU.ActiveCfg = Release|Any CPU
		{ED4496BC-2FD8-4959-8EDB-0954857BB6D6}.Release|Any CPU.Build.0 = Release|Any CPU
		{08096832-AC03-4373-8676-89757E6988F4}.Debug|Any CPU.ActiveCfg = Debug|Any CPU
		{08096832-AC03-4373-8676-89757E6988F4}.Debug|Any CPU.Build.0 = Debug|Any CPU
		{08096832-AC03-4373-8676-89757E6988F4}.Release|Any CPU.ActiveCfg = Release|Any CPU
		{08096832-AC03-4373-8676-89757E6988F4}.Release|Any CPU.Build.0 = Release|Any CPU
		{009E4C2D-B09C-4166-8673-7D807E5A1BB2}.Debug|Any CPU.ActiveCfg = Debug|Any CPU
		{009E4C2D-B09C-4166-8673-7D807E5A1BB2}.Debug|Any CPU.Build.0 = Debug|Any CPU
		{009E4C2D-B09C-4166-8673-7D807E5A1BB2}.Release|Any CPU.ActiveCfg = Release|Any CPU
		{009E4C2D-B09C-4166-8673-7D807E5A1BB2}.Release|Any CPU.Build.0 = Release|Any CPU
	EndGlobalSection
	GlobalSection(SolutionProperties) = preSolution
		HideSolutionNode = FALSE
	EndGlobalSection
EndGlobal
